
Microsoft Visual Studio Solution File, Format Version 12.00
# Visual Studio Version 17
VisualStudioVersion = 17.4.33205.214
MinimumVisualStudioVersion = 10.0.40219.1
Project("{FAE04EC0-301F-11D3-BF4B-00C04F79EFBC}") = "ShopOnline.Web", "ShopOnline.Web\ShopOnline.Web.csproj", "{8A103759-DAFC-42BC-BB63-53225B21845E}"
EndProject
Global
	GlobalSection(SolutionConfigurationPlatforms) = preSolution
		Debug|Any CPU = Debug|Any CPU
		Release|Any CPU = Release|Any CPU
	EndGlobalSection
	GlobalSection(ProjectConfigurationPlatforms) = postSolution
		{8A103759-DAFC-42BC-BB63-53225B21845E}.Debug|Any CPU.ActiveCfg = Debug|Any CPU
		{8A103759-DAFC-42BC-BB63-53225B21845E}.Debug|Any CPU.Build.0 = Debug|Any CPU
		{8A103759-DAFC-42BC-BB63-53225B21845E}.Release|Any CPU.ActiveCfg = Release|Any CPU
		{8A103759-DAFC-42BC-BB63-53225B21845E}.Release|Any CPU.Build.0 = Release|Any CPU
	EndGlobalSection
	GlobalSection(SolutionProperties) = preSolution
		HideSolutionNode = FALSE
	EndGlobalSection
	GlobalSection(ExtensibilityGlobals) = postSolution
		SolutionGuid = {0E839A91-0DDC-42B7-9D2B-FAFEFA9096A9}
	EndGlobalSection
EndGlobal
